
Microsoft Visual Studio Solution File, Format Version 11.00
# Visual Studio 2010
Project("{FAE04EC0-301F-11D3-BF4B-00C04F79EFBC}") = "ameminAR", "Assembly-CSharp.csproj", "{4250642A-D043-E717-EC84-77C120D77230}"
EndProject
Project("{FAE04EC0-301F-11D3-BF4B-00C04F79EFBC}") = "ameminAR", "Assembly-CSharp-Editor.csproj", "{AF517D8F-D1AE-98CC-F6B0-1165C9E74F0B}"
EndProject
Project("{C170613F-E759-8FAE-78A0-B8FF0312C207}") = "ameminAR", "Assembly-UnityScript-Editor-firstpass.unityproj", "{F8377884-362C-6665-ECC5-A8985887B361}"
EndProject
Global
	GlobalSection(SolutionConfigurationPlatforms) = preSolution
		Debug|Any CPU = Debug|Any CPU
		Release|Any CPU = Release|Any CPU
	EndGlobalSection
	GlobalSection(ProjectConfigurationPlatforms) = postSolution
		{4250642A-D043-E717-EC84-77C120D77230}.Debug|Any CPU.ActiveCfg = Debug|Any CPU
		{4250642A-D043-E717-EC84-77C120D77230}.Debug|Any CPU.Build.0 = Debug|Any CPU
		{4250642A-D043-E717-EC84-77C120D77230}.Release|Any CPU.ActiveCfg = Release|Any CPU
		{4250642A-D043-E717-EC84-77C120D77230}.Release|Any CPU.Build.0 = Release|Any CPU
		{AF517D8F-D1AE-98CC-F6B0-1165C9E74F0B}.Debug|Any CPU.ActiveCfg = Debug|Any CPU
		{AF517D8F-D1AE-98CC-F6B0-1165C9E74F0B}.Debug|Any CPU.Build.0 = Debug|Any CPU
		{AF517D8F-D1AE-98CC-F6B0-1165C9E74F0B}.Release|Any CPU.ActiveCfg = Release|Any CPU
		{AF517D8F-D1AE-98CC-F6B0-1165C9E74F0B}.Release|Any CPU.Build.0 = Release|Any CPU
		{F8377884-362C-6665-ECC5-A8985887B361}.Debug|Any CPU.ActiveCfg = Debug|Any CPU
		{F8377884-362C-6665-ECC5-A8985887B361}.Debug|Any CPU.Build.0 = Debug|Any CPU
		{F8377884-362C-6665-ECC5-A8985887B361}.Release|Any CPU.ActiveCfg = Release|Any CPU
		{F8377884-362C-6665-ECC5-A8985887B361}.Release|Any CPU.Build.0 = Release|Any CPU
	EndGlobalSection
	GlobalSection(SolutionProperties) = preSolution
		HideSolutionNode = FALSE
	EndGlobalSection
	GlobalSection(MonoDevelopProperties) = preSolution
		StartupItem = Assembly-CSharp.csproj
	EndGlobalSection
EndGlobal
